github.com/dunhamsteve/plist v0.0.0-20211213035615-a528b51ff82f h1:isN+gnW3pKSwhwGiENPfVy960FJ3uOI2K+x4X3r57AE=
github.com/dunhamsteve/plist v0.0.0-20211213035615-a528b51ff82f/go.mod h1:wYdaZYuFSWCziwZl3+0BNSnBCw1FKv4/V2JtV+RA6Xc=
github.com/mattn/go-sqlite3 v1.14.15 h1:vfoHhTN1af61xCRSWzFIWzx2YskyMTwHLrExkBOjvxI=
github.com/mattn/go-sqlite3 v1.14.15/go.mod h1:2eHXhiwb8IkHr+BDWZGa96P6+rkvnG63S2DGjv9HUNg=
golang.org/x/crypto v0.0.0-20221010152910-d6f0a8c073c2 h1:x8vtB3zMecnlqZIwJNUUpwYKYSqCz5jXbiyv0ZJJZeI=
golang.org/x/crypto v0.0.0-20221010152910-d6f0a8c073c2/go.mod h1:IxCIyHEi3zRg3s0A5j5BB6A9Jmi73HwBIUl50j+osU4=
golang.org/x/sys v0.0.0-20201119102817-f84b799fce68/go.mod h1:h1NjWce9XRLGQEsW7wpKNCjG9DtNlClVuFLEZdDNbEs=
golang.org/x/sys v0.0.0-20210615035016-665e8c7367d1 h1:SrN+KX8Art/Sf4HNj6Zcz06G7VEz+7w9tdXTPOZ7+l4=
golang.org/x/sys v0.0.0-20210615035016-665e8c7367d1/go.mod h1:oPkhp1MJrh7nUepCBck5+mAzfO9JrbApNNgaTdGDITg=
golang.org/x/term v0.0.0-20201126162022-7de9c90e9dd1 h1:v+OssWQX+hTHEmOBgwxdZxK4zHq3yOs8F9J7mk0PY8E=
golang.org/x/term v0.0.0-20201126162022-7de9c90e9dd1/go.mod h1:bj7SfCRtBDWHUb9snDiAeCFNEtKQo2Wmx5Cou7ajbmo=
